
Microsoft Visual Studio Solution File, Format Version 12.00
# Visual Studio 15
VisualStudioVersion = 15.0.27428.2043
MinimumVisualStudioVersion = 10.0.40219.1
Project("{FAE04EC0-301F-11D3-BF4B-00C04F79EFBC}") = "Vintage.AppServices", "Vintage.AppServices\Vintage.AppServices.csproj", "{D978B030-F0E5-44E9-B71B-9C049C660BC7}"
EndProject
Project("{FAE04EC0-301F-11D3-BF4B-00C04F79EFBC}") = "Vintage.WebServices", "Vintage.WebServices\Vintage.WebServices.csproj", "{FEC6CC5E-2599-4B63-BD07-D16C276B1928}"
EndProject
Global
	GlobalSection(SolutionConfigurationPlatforms) = preSolution
		Debug|Any CPU = Debug|Any CPU
		Release|Any CPU = Release|Any CPU
	EndGlobalSection
	GlobalSection(ProjectConfigurationPlatforms) = postSolution
		{D978B030-F0E5-44E9-B71B-9C049C660BC7}.Debug|Any CPU.ActiveCfg = Debug|Any CPU
		{D978B030-F0E5-44E9-B71B-9C049C660BC7}.Debug|Any CPU.Build.0 = Debug|Any CPU
		{D978B030-F0E5-44E9-B71B-9C049C660BC7}.Release|Any CPU.ActiveCfg = Release|Any CPU
		{D978B030-F0E5-44E9-B71B-9C049C660BC7}.Release|Any CPU.Build.0 = Release|Any CPU
		{FEC6CC5E-2599-4B63-BD07-D16C276B1928}.Debug|Any CPU.ActiveCfg = Debug|Any CPU
		{FEC6CC5E-2599-4B63-BD07-D16C276B1928}.Debug|Any CPU.Build.0 = Debug|Any CPU
		{FEC6CC5E-2599-4B63-BD07-D16C276B1928}.Release|Any CPU.ActiveCfg = Release|Any CPU
		{FEC6CC5E-2599-4B63-BD07-D16C276B1928}.Release|Any CPU.Build.0 = Release|Any CPU
	EndGlobalSection
	GlobalSection(SolutionProperties) = preSolution
		HideSolutionNode = FALSE
	EndGlobalSection
	GlobalSection(ExtensibilityGlobals) = postSolution
		SolutionGuid = {8A61D3E5-6B26-4302-A959-4F42E0A75095}
	EndGlobalSection
EndGlobal
